{
  "name": "subtracao",
  "version": "1.0.0",
  "lockfileVersion": 3,
  "requires": true,
  "packages": {
    "": {
      "name": "subtracao",
      "version": "1.0.0",
      "license": "ISC",
      "dependencies": {
        "divisao": "github:mafemad/divisao",
        "multiplicacao": "github:BrunoVieira003/multiplicacao"
      }
    },
    "node_modules/divisao": {
      "version": "1.0.0",
      "resolved": "git+ssh://git@github.com/mafemad/divisao.git#904334fc4593c5cd7700bcaa51c693d7050ebef8",
      "license": "ISC"
    },
    "node_modules/multiplicacao": {
      "version": "1.0.0",
      "resolved": "git+ssh://git@github.com/BrunoVieira003/multiplicacao.git#acae57f5dfd94489e358b22214fb7d25811adb39",
      "license": "ISC"
    }
  }
}
